Microsoft Visual Studio Solution File, Format Version 10.00
# Visual C++ Express 2008
Project("{8BC9CEB8-8B4A-11D0-8D11-00A0C91BC942}") = "Splines", "splines\Splines.vcproj", "{DBAF2C53-3858-455D-A1AE-3FC093515314}"
EndProject
Project("{8BC9CEB8-8B4A-11D0-8D11-00A0C91BC942}") = "botlib", "botlib\botlib.vcproj", "{A410161F-AE9F-485D-A01F-5294891430A6}"
EndProject
Project("{8BC9CEB8-8B4A-11D0-8D11-00A0C91BC942}") = "cgame", "cgame\cgame.vcproj", "{C878E295-CB82-4B40-8ECF-5CE5525466FA}"
	ProjectSection(ProjectDependencies) = postProject
		{C3D9295E-B748-4BA2-8133-D44EB302A5D1} = {C3D9295E-B748-4BA2-8133-D44EB302A5D1}
		{FBFA2ACF-8611-44BB-8218-FDF3EB7652DA} = {FBFA2ACF-8611-44BB-8218-FDF3EB7652DA}
		{22E0A3E9-8A9B-4FB8-8D08-2F6EB7C98D27} = {22E0A3E9-8A9B-4FB8-8D08-2F6EB7C98D27}
	EndProjectSection
EndProject
Project("{8BC9CEB8-8B4A-11D0-8D11-00A0C91BC942}") = "game", "game\game.vcproj", "{F9EE10DA-2404-4154-B904-F93C936C040A}"
	ProjectSection(ProjectDependencies) = postProject
		{C3D9295E-B748-4BA2-8133-D44EB302A5D1} = {C3D9295E-B748-4BA2-8133-D44EB302A5D1}
		{FBFA2ACF-8611-44BB-8218-FDF3EB7652DA} = {FBFA2ACF-8611-44BB-8218-FDF3EB7652DA}
		{22E0A3E9-8A9B-4FB8-8D08-2F6EB7C98D27} = {22E0A3E9-8A9B-4FB8-8D08-2F6EB7C98D27}
	EndProjectSection
EndProject
Project("{8BC9CEB8-8B4A-11D0-8D11-00A0C91BC942}") = "q3_ui", "q3_ui\q3_ui.vcproj", "{D454C4C7-7765-4149-ABAD-05FDEB9D94F8}"
EndProject
Project("{8BC9CEB8-8B4A-11D0-8D11-00A0C91BC942}") = "quake3", "quake3.vcproj", "{81CB51C4-B434-4E12-B69B-BAEE102F2852}"
	ProjectSection(ProjectDependencies) = postProject
		{A410161F-AE9F-485D-A01F-5294891430A6} = {A410161F-AE9F-485D-A01F-5294891430A6}
		{A4B6002E-1885-49C3-85B6-7BC2C7ADF003} = {A4B6002E-1885-49C3-85B6-7BC2C7ADF003}
		{DBAF2C53-3858-455D-A1AE-3FC093515314} = {DBAF2C53-3858-455D-A1AE-3FC093515314}
		{AB424155-FBED-4D8D-B007-5B6CF93EA395} = {AB424155-FBED-4D8D-B007-5B6CF93EA395}
		{C3D9295E-B748-4BA2-8133-D44EB302A5D1} = {C3D9295E-B748-4BA2-8133-D44EB302A5D1}
		{FBFA2ACF-8611-44BB-8218-FDF3EB7652DA} = {FBFA2ACF-8611-44BB-8218-FDF3EB7652DA}
		{22E0A3E9-8A9B-4FB8-8D08-2F6EB7C98D27} = {22E0A3E9-8A9B-4FB8-8D08-2F6EB7C98D27}
	EndProjectSection
EndProject
Project("{8BC9CEB8-8B4A-11D0-8D11-00A0C91BC942}") = "renderer", "renderer\renderer.vcproj", "{AB424155-FBED-4D8D-B007-5B6CF93EA395}"
EndProject
Project("{8BC9CEB8-8B4A-11D0-8D11-00A0C91BC942}") = "ui", "ui\ui.vcproj", "{A8EAC38E-C7DA-42F8-811D-77FD092B9D19}"
EndProject
Project("{8BC9CEB8-8B4A-11D0-8D11-00A0C91BC942}") = "lua", "lua-src\lua.vcproj", "{A4B6002E-1885-49C3-85B6-7BC2C7ADF003}"
EndProject
Project("{8BC9CEB8-8B4A-11D0-8D11-00A0C91BC942}") = "BulletCollision", "src\BulletCollision\BulletCollision.vcproj", "{FBFA2ACF-8611-44BB-8218-FDF3EB7652DA}"
EndProject
Project("{8BC9CEB8-8B4A-11D0-8D11-00A0C91BC942}") = "BulletDynamics", "src\BulletDynamics\BulletDynamics.vcproj", "{22E0A3E9-8A9B-4FB8-8D08-2F6EB7C98D27}"
EndProject
Project("{8BC9CEB8-8B4A-11D0-8D11-00A0C91BC942}") = "LinearMath", "src\LinearMath\LinearMath.vcproj", "{C3D9295E-B748-4BA2-8133-D44EB302A5D1}"
EndProject
Global
	GlobalSection(SolutionConfigurationPlatforms) = preSolution
		Debug Alpha|Win32 = Debug Alpha|Win32
		Debug TA DEMO|Win32 = Debug TA DEMO|Win32
		Debug TA|Win32 = Debug TA|Win32
		Debug|Win32 = Debug|Win32
		MinSizeRel|Win32 = MinSizeRel|Win32
		Release Alpha|Win32 = Release Alpha|Win32
		Release TA DEMO|Win32 = Release TA DEMO|Win32
		Release TA|Win32 = Release TA|Win32
		Release|Win32 = Release|Win32
		RelWithDebInfo|Win32 = RelWithDebInfo|Win32
		vector|Win32 = vector|Win32
	EndGlobalSection
	GlobalSection(ProjectConfigurationPlatforms) = postSolution
		{DBAF2C53-3858-455D-A1AE-3FC093515314}.Debug Alpha|Win32.ActiveCfg = Debug|Win32
		{DBAF2C53-3858-455D-A1AE-3FC093515314}.Debug Alpha|Win32.Build.0 = Debug|Win32
		{DBAF2C53-3858-455D-A1AE-3FC093515314}.Debug TA DEMO|Win32.ActiveCfg = Debug|Win32
		{DBAF2C53-3858-455D-A1AE-3FC093515314}.Debug TA DEMO|Win32.Build.0 = Debug|Win32
		{DBAF2C53-3858-455D-A1AE-3FC093515314}.Debug TA|Win32.ActiveCfg = Debug|Win32
		{DBAF2C53-3858-455D-A1AE-3FC093515314}.Debug TA|Win32.Build.0 = Debug|Win32
		{DBAF2C53-3858-455D-A1AE-3FC093515314}.Debug|Win32.ActiveCfg = Debug|Win32
		{DBAF2C53-3858-455D-A1AE-3FC093515314}.Debug|Win32.Build.0 = Debug|Win32
		{DBAF2C53-3858-455D-A1AE-3FC093515314}.MinSizeRel|Win32.ActiveCfg = Debug|Win32
		{DBAF2C53-3858-455D-A1AE-3FC093515314}.MinSizeRel|Win32.Build.0 = Debug|Win32
		{DBAF2C53-3858-455D-A1AE-3FC093515314}.Release Alpha|Win32.ActiveCfg = Release|Win32
		{DBAF2C53-3858-455D-A1AE-3FC093515314}.Release Alpha|Win32.Build.0 = Release|Win32
		{DBAF2C53-3858-455D-A1AE-3FC093515314}.Release TA DEMO|Win32.ActiveCfg = Release|Win32
		{DBAF2C53-3858-455D-A1AE-3FC093515314}.Release TA DEMO|Win32.Build.0 = Release|Win32
		{DBAF2C53-3858-455D-A1AE-3FC093515314}.Release TA|Win32.ActiveCfg = Release|Win32
		{DBAF2C53-3858-455D-A1AE-3FC093515314}.Release TA|Win32.Build.0 = Release|Win32
		{DBAF2C53-3858-455D-A1AE-3FC093515314}.Release|Win32.ActiveCfg = Release|Win32
		{DBAF2C53-3858-455D-A1AE-3FC093515314}.Release|Win32.Build.0 = Release|Win32
		{DBAF2C53-3858-455D-A1AE-3FC093515314}.RelWithDebInfo|Win32.ActiveCfg = Release|Win32
		{DBAF2C53-3858-455D-A1AE-3FC093515314}.RelWithDebInfo|Win32.Build.0 = Release|Win32
		{DBAF2C53-3858-455D-A1AE-3FC093515314}.vector|Win32.ActiveCfg = Debug|Win32
		{DBAF2C53-3858-455D-A1AE-3FC093515314}.vector|Win32.Build.0 = Debug|Win32
		{A410161F-AE9F-485D-A01F-5294891430A6}.Debug Alpha|Win32.ActiveCfg = Debug TA|Win32
		{A410161F-AE9F-485D-A01F-5294891430A6}.Debug Alpha|Win32.Build.0 = Debug TA|Win32
		{A410161F-AE9F-485D-A01F-5294891430A6}.Debug TA DEMO|Win32.ActiveCfg = Debug TA|Win32
		{A410161F-AE9F-485D-A01F-5294891430A6}.Debug TA DEMO|Win32.Build.0 = Debug TA|Win32
		{A410161F-AE9F-485D-A01F-5294891430A6}.Debug TA|Win32.ActiveCfg = Debug TA|Win32
		{A410161F-AE9F-485D-A01F-5294891430A6}.Debug TA|Win32.Build.0 = Debug TA|Win32
		{A410161F-AE9F-485D-A01F-5294891430A6}.Debug|Win32.ActiveCfg = Debug|Win32
		{A410161F-AE9F-485D-A01F-5294891430A6}.Debug|Win32.Build.0 = Debug|Win32
		{A410161F-AE9F-485D-A01F-5294891430A6}.MinSizeRel|Win32.ActiveCfg = Release TA|Win32
		{A410161F-AE9F-485D-A01F-5294891430A6}.MinSizeRel|Win32.Build.0 = Release TA|Win32
		{A410161F-AE9F-485D-A01F-5294891430A6}.Release Alpha|Win32.ActiveCfg = Release TA|Win32
		{A410161F-AE9F-485D-A01F-5294891430A6}.Release Alpha|Win32.Build.0 = Release TA|Win32
		{A410161F-AE9F-485D-A01F-5294891430A6}.Release TA DEMO|Win32.ActiveCfg = Release TA|Win32
		{A410161F-AE9F-485D-A01F-5294891430A6}.Release TA DEMO|Win32.Build.0 = Release TA|Win32
		{A410161F-AE9F-485D-A01F-5294891430A6}.Release TA|Win32.ActiveCfg = Release TA|Win32
		{A410161F-AE9F-485D-A01F-5294891430A6}.Release TA|Win32.Build.0 = Release TA|Win32
		{A410161F-AE9F-485D-A01F-5294891430A6}.Release|Win32.ActiveCfg = Release|Win32
		{A410161F-AE9F-485D-A01F-5294891430A6}.Release|Win32.Build.0 = Release|Win32
		{A410161F-AE9F-485D-A01F-5294891430A6}.RelWithDebInfo|Win32.ActiveCfg = Release TA|Win32
		{A410161F-AE9F-485D-A01F-5294891430A6}.RelWithDebInfo|Win32.Build.0 = Release TA|Win32
		{A410161F-AE9F-485D-A01F-5294891430A6}.vector|Win32.ActiveCfg = vector|Win32
		{A410161F-AE9F-485D-A01F-5294891430A6}.vector|Win32.Build.0 = vector|Win32
		{C878E295-CB82-4B40-8ECF-5CE5525466FA}.Debug Alpha|Win32.ActiveCfg = Debug TA|Win32
		{C878E295-CB82-4B40-8ECF-5CE5525466FA}.Debug Alpha|Win32.Build.0 = Debug TA|Win32
		{C878E295-CB82-4B40-8ECF-5CE5525466FA}.Debug TA DEMO|Win32.ActiveCfg = Debug TA|Win32
		{C878E295-CB82-4B40-8ECF-5CE5525466FA}.Debug TA DEMO|Win32.Build.0 = Debug TA|Win32
		{C878E295-CB82-4B40-8ECF-5CE5525466FA}.Debug TA|Win32.ActiveCfg = Debug TA|Win32
		{C878E295-CB82-4B40-8ECF-5CE5525466FA}.Debug TA|Win32.Build.0 = Debug TA|Win32
		{C878E295-CB82-4B40-8ECF-5CE5525466FA}.Debug|Win32.ActiveCfg = Debug|Win32
		{C878E295-CB82-4B40-8ECF-5CE5525466FA}.Debug|Win32.Build.0 = Debug|Win32
		{C878E295-CB82-4B40-8ECF-5CE5525466FA}.MinSizeRel|Win32.ActiveCfg = Debug TA|Win32
		{C878E295-CB82-4B40-8ECF-5CE5525466FA}.MinSizeRel|Win32.Build.0 = Debug TA|Win32
		{C878E295-CB82-4B40-8ECF-5CE5525466FA}.Release Alpha|Win32.ActiveCfg = Release TA|Win32
		{C878E295-CB82-4B40-8ECF-5CE5525466FA}.Release Alpha|Win32.Build.0 = Release TA|Win32
		{C878E295-CB82-4B40-8ECF-5CE5525466FA}.Release TA DEMO|Win32.ActiveCfg = Release TA|Win32
		{C878E295-CB82-4B40-8ECF-5CE5525466FA}.Release TA DEMO|Win32.Build.0 = Release TA|Win32
		{C878E295-CB82-4B40-8ECF-5CE5525466FA}.Release TA|Win32.ActiveCfg = Release TA|Win32
		{C878E295-CB82-4B40-8ECF-5CE5525466FA}.Release TA|Win32.Build.0 = Release TA|Win32
		{C878E295-CB82-4B40-8ECF-5CE5525466FA}.Release|Win32.ActiveCfg = Release|Win32
		{C878E295-CB82-4B40-8ECF-5CE5525466FA}.Release|Win32.Build.0 = Release|Win32
		{C878E295-CB82-4B40-8ECF-5CE5525466FA}.RelWithDebInfo|Win32.ActiveCfg = Release|Win32
		{C878E295-CB82-4B40-8ECF-5CE5525466FA}.RelWithDebInfo|Win32.Build.0 = Release|Win32
		{C878E295-CB82-4B40-8ECF-5CE5525466FA}.vector|Win32.ActiveCfg = Debug TA|Win32
		{C878E295-CB82-4B40-8ECF-5CE5525466FA}.vector|Win32.Build.0 = Debug TA|Win32
		{F9EE10DA-2404-4154-B904-F93C936C040A}.Debug Alpha|Win32.ActiveCfg = Debug Alpha|Win32
		{F9EE10DA-2404-4154-B904-F93C936C040A}.Debug Alpha|Win32.Build.0 = Debug Alpha|Win32
		{F9EE10DA-2404-4154-B904-F93C936C040A}.Debug TA DEMO|Win32.ActiveCfg = Debug TA|Win32
		{F9EE10DA-2404-4154-B904-F93C936C040A}.Debug TA DEMO|Win32.Build.0 = Debug TA|Win32
		{F9EE10DA-2404-4154-B904-F93C936C040A}.Debug TA|Win32.ActiveCfg = Debug TA|Win32
		{F9EE10DA-2404-4154-B904-F93C936C040A}.Debug TA|Win32.Build.0 = Debug TA|Win32
		{F9EE10DA-2404-4154-B904-F93C936C040A}.Debug|Win32.ActiveCfg = Debug|Win32
		{F9EE10DA-2404-4154-B904-F93C936C040A}.Debug|Win32.Build.0 = Debug|Win32
		{F9EE10DA-2404-4154-B904-F93C936C040A}.MinSizeRel|Win32.ActiveCfg = Release TA|Win32
		{F9EE10DA-2404-4154-B904-F93C936C040A}.MinSizeRel|Win32.Build.0 = Release TA|Win32
		{F9EE10DA-2404-4154-B904-F93C936C040A}.Release Alpha|Win32.ActiveCfg = Release Alpha|Win32
		{F9EE10DA-2404-4154-B904-F93C936C040A}.Release Alpha|Win32.Build.0 = Release Alpha|Win32
		{F9EE10DA-2404-4154-B904-F93C936C040A}.Release TA DEMO|Win32.ActiveCfg = Release TA|Win32
		{F9EE10DA-2404-4154-B904-F93C936C040A}.Release TA DEMO|Win32.Build.0 = Release TA|Win32
		{F9EE10DA-2404-4154-B904-F93C936C040A}.Release TA|Win32.ActiveCfg = Release TA|Win32
		{F9EE10DA-2404-4154-B904-F93C936C040A}.Release TA|Win32.Build.0 = Release TA|Win32
		{F9EE10DA-2404-4154-B904-F93C936C040A}.Release|Win32.ActiveCfg = Release|Win32
		{F9EE10DA-2404-4154-B904-F93C936C040A}.Release|Win32.Build.0 = Release|Win32
		{F9EE10DA-2404-4154-B904-F93C936C040A}.RelWithDebInfo|Win32.ActiveCfg = Release TA|Win32
		{F9EE10DA-2404-4154-B904-F93C936C040A}.RelWithDebInfo|Win32.Build.0 = Release TA|Win32
		{F9EE10DA-2404-4154-B904-F93C936C040A}.vector|Win32.ActiveCfg = Release TA|Win32
		{F9EE10DA-2404-4154-B904-F93C936C040A}.vector|Win32.Build.0 = Release TA|Win32
		{D454C4C7-7765-4149-ABAD-05FDEB9D94F8}.Debug Alpha|Win32.ActiveCfg = Debug TA|Win32
		{D454C4C7-7765-4149-ABAD-05FDEB9D94F8}.Debug Alpha|Win32.Build.0 = Debug TA|Win32
		{D454C4C7-7765-4149-ABAD-05FDEB9D94F8}.Debug TA DEMO|Win32.ActiveCfg = Debug TA|Win32
		{D454C4C7-7765-4149-ABAD-05FDEB9D94F8}.Debug TA DEMO|Win32.Build.0 = Debug TA|Win32
		{D454C4C7-7765-4149-ABAD-05FDEB9D94F8}.Debug TA|Win32.ActiveCfg = Debug TA|Win32
		{D454C4C7-7765-4149-ABAD-05FDEB9D94F8}.Debug|Win32.ActiveCfg = Debug|Win32
		{D454C4C7-7765-4149-ABAD-05FDEB9D94F8}.Debug|Win32.Build.0 = Debug|Win32
		{D454C4C7-7765-4149-ABAD-05FDEB9D94F8}.MinSizeRel|Win32.ActiveCfg = Debug|Win32
		{D454C4C7-7765-4149-ABAD-05FDEB9D94F8}.MinSizeRel|Win32.Build.0 = Debug|Win32
		{D454C4C7-7765-4149-ABAD-05FDEB9D94F8}.Release Alpha|Win32.ActiveCfg = Release TA|Win32
		{D454C4C7-7765-4149-ABAD-05FDEB9D94F8}.Release Alpha|Win32.Build.0 = Release TA|Win32
		{D454C4C7-7765-4149-ABAD-05FDEB9D94F8}.Release TA DEMO|Win32.ActiveCfg = Release TA|Win32
		{D454C4C7-7765-4149-ABAD-05FDEB9D94F8}.Release TA DEMO|Win32.Build.0 = Release TA|Win32
		{D454C4C7-7765-4149-ABAD-05FDEB9D94F8}.Release TA|Win32.ActiveCfg = Release TA|Win32
		{D454C4C7-7765-4149-ABAD-05FDEB9D94F8}.Release|Win32.ActiveCfg = Release|Win32
		{D454C4C7-7765-4149-ABAD-05FDEB9D94F8}.Release|Win32.Build.0 = Release|Win32
		{D454C4C7-7765-4149-ABAD-05FDEB9D94F8}.RelWithDebInfo|Win32.ActiveCfg = Release|Win32
		{D454C4C7-7765-4149-ABAD-05FDEB9D94F8}.RelWithDebInfo|Win32.Build.0 = Release|Win32
		{D454C4C7-7765-4149-ABAD-05FDEB9D94F8}.vector|Win32.ActiveCfg = Debug|Win32
		{D454C4C7-7765-4149-ABAD-05FDEB9D94F8}.vector|Win32.Build.0 = Debug|Win32
		{81CB51C4-B434-4E12-B69B-BAEE102F2852}.Debug Alpha|Win32.ActiveCfg = Debug TA|Win32
		{81CB51C4-B434-4E12-B69B-BAEE102F2852}.Debug Alpha|Win32.Build.0 = Debug TA|Win32
		{81CB51C4-B434-4E12-B69B-BAEE102F2852}.Debug TA DEMO|Win32.ActiveCfg = Debug TA DEMO|Win32
		{81CB51C4-B434-4E12-B69B-BAEE102F2852}.Debug TA DEMO|Win32.Build.0 = Debug TA DEMO|Win32
		{81CB51C4-B434-4E12-B69B-BAEE102F2852}.Debug TA|Win32.ActiveCfg = Debug TA|Win32
		{81CB51C4-B434-4E12-B69B-BAEE102F2852}.Debug TA|Win32.Build.0 = Debug TA|Win32
		{81CB51C4-B434-4E12-B69B-BAEE102F2852}.Debug|Win32.ActiveCfg = Debug|Win32
		{81CB51C4-B434-4E12-B69B-BAEE102F2852}.Debug|Win32.Build.0 = Debug|Win32
		{81CB51C4-B434-4E12-B69B-BAEE102F2852}.MinSizeRel|Win32.ActiveCfg = Debug TA|Win32
		{81CB51C4-B434-4E12-B69B-BAEE102F2852}.MinSizeRel|Win32.Build.0 = Debug TA|Win32
		{81CB51C4-B434-4E12-B69B-BAEE102F2852}.Release Alpha|Win32.ActiveCfg = Release TA DEMO|Win32
		{81CB51C4-B434-4E12-B69B-BAEE102F2852}.Release Alpha|Win32.Build.0 = Release TA DEMO|Win32
		{81CB51C4-B434-4E12-B69B-BAEE102F2852}.Release TA DEMO|Win32.ActiveCfg = Release TA DEMO|Win32
		{81CB51C4-B434-4E12-B69B-BAEE102F2852}.Release TA DEMO|Win32.Build.0 = Release TA DEMO|Win32
		{81CB51C4-B434-4E12-B69B-BAEE102F2852}.Release TA|Win32.ActiveCfg = Release TA|Win32
		{81CB51C4-B434-4E12-B69B-BAEE102F2852}.Release TA|Win32.Build.0 = Release TA|Win32
		{81CB51C4-B434-4E12-B69B-BAEE102F2852}.Release|Win32.ActiveCfg = Release|Win32
		{81CB51C4-B434-4E12-B69B-BAEE102F2852}.Release|Win32.Build.0 = Release|Win32
		{81CB51C4-B434-4E12-B69B-BAEE102F2852}.RelWithDebInfo|Win32.ActiveCfg = Release|Win32
		{81CB51C4-B434-4E12-B69B-BAEE102F2852}.RelWithDebInfo|Win32.Build.0 = Release|Win32
		{81CB51C4-B434-4E12-B69B-BAEE102F2852}.vector|Win32.ActiveCfg = vector|Win32
		{81CB51C4-B434-4E12-B69B-BAEE102F2852}.vector|Win32.Build.0 = vector|Win32
		{AB424155-FBED-4D8D-B007-5B6CF93EA395}.Debug Alpha|Win32.ActiveCfg = Debug TA|Win32
		{AB424155-FBED-4D8D-B007-5B6CF93EA395}.Debug Alpha|Win32.Build.0 = Debug TA|Win32
		{AB424155-FBED-4D8D-B007-5B6CF93EA395}.Debug TA DEMO|Win32.ActiveCfg = Debug TA|Win32
		{AB424155-FBED-4D8D-B007-5B6CF93EA395}.Debug TA DEMO|Win32.Build.0 = Debug TA|Win32
		{AB424155-FBED-4D8D-B007-5B6CF93EA395}.Debug TA|Win32.ActiveCfg = Debug TA|Win32
		{AB424155-FBED-4D8D-B007-5B6CF93EA395}.Debug TA|Win32.Build.0 = Debug TA|Win32
		{AB424155-FBED-4D8D-B007-5B6CF93EA395}.Debug|Win32.ActiveCfg = Debug|Win32
		{AB424155-FBED-4D8D-B007-5B6CF93EA395}.Debug|Win32.Build.0 = Debug|Win32
		{AB424155-FBED-4D8D-B007-5B6CF93EA395}.MinSizeRel|Win32.ActiveCfg = vector|Win32
		{AB424155-FBED-4D8D-B007-5B6CF93EA395}.MinSizeRel|Win32.Build.0 = vector|Win32
		{AB424155-FBED-4D8D-B007-5B6CF93EA395}.Release Alpha|Win32.ActiveCfg = Release TA|Win32
		{AB424155-FBED-4D8D-B007-5B6CF93EA395}.Release Alpha|Win32.Build.0 = Release TA|Win32
		{AB424155-FBED-4D8D-B007-5B6CF93EA395}.Release TA DEMO|Win32.ActiveCfg = Release TA|Win32
		{AB424155-FBED-4D8D-B007-5B6CF93EA395}.Release TA DEMO|Win32.Build.0 = Release TA|Win32
		{AB424155-FBED-4D8D-B007-5B6CF93EA395}.Release TA|Win32.ActiveCfg = Release TA|Win32
		{AB424155-FBED-4D8D-B007-5B6CF93EA395}.Release TA|Win32.Build.0 = Release TA|Win32
		{AB424155-FBED-4D8D-B007-5B6CF93EA395}.Release|Win32.ActiveCfg = Release|Win32
		{AB424155-FBED-4D8D-B007-5B6CF93EA395}.Release|Win32.Build.0 = Release|Win32
		{AB424155-FBED-4D8D-B007-5B6CF93EA395}.RelWithDebInfo|Win32.ActiveCfg = Release TA|Win32
		{AB424155-FBED-4D8D-B007-5B6CF93EA395}.RelWithDebInfo|Win32.Build.0 = Release TA|Win32
		{AB424155-FBED-4D8D-B007-5B6CF93EA395}.vector|Win32.ActiveCfg = vector|Win32
		{AB424155-FBED-4D8D-B007-5B6CF93EA395}.vector|Win32.Build.0 = vector|Win32
		{A8EAC38E-C7DA-42F8-811D-77FD092B9D19}.Debug Alpha|Win32.ActiveCfg = Debug TA|Win32
		{A8EAC38E-C7DA-42F8-811D-77FD092B9D19}.Debug Alpha|Win32.Build.0 = Debug TA|Win32
		{A8EAC38E-C7DA-42F8-811D-77FD092B9D19}.Debug TA DEMO|Win32.ActiveCfg = Debug TA|Win32
		{A8EAC38E-C7DA-42F8-811D-77FD092B9D19}.Debug TA DEMO|Win32.Build.0 = Debug TA|Win32
		{A8EAC38E-C7DA-42F8-811D-77FD092B9D19}.Debug TA|Win32.ActiveCfg = Debug TA|Win32
		{A8EAC38E-C7DA-42F8-811D-77FD092B9D19}.Debug TA|Win32.Build.0 = Debug TA|Win32
		{A8EAC38E-C7DA-42F8-811D-77FD092B9D19}.Debug|Win32.ActiveCfg = Debug|Win32
		{A8EAC38E-C7DA-42F8-811D-77FD092B9D19}.MinSizeRel|Win32.ActiveCfg = Debug TA|Win32
		{A8EAC38E-C7DA-42F8-811D-77FD092B9D19}.MinSizeRel|Win32.Build.0 = Debug TA|Win32
		{A8EAC38E-C7DA-42F8-811D-77FD092B9D19}.Release Alpha|Win32.ActiveCfg = Release TA|Win32
		{A8EAC38E-C7DA-42F8-811D-77FD092B9D19}.Release Alpha|Win32.Build.0 = Release TA|Win32
		{A8EAC38E-C7DA-42F8-811D-77FD092B9D19}.Release TA DEMO|Win32.ActiveCfg = Release TA|Win32
		{A8EAC38E-C7DA-42F8-811D-77FD092B9D19}.Release TA DEMO|Win32.Build.0 = Release TA|Win32
		{A8EAC38E-C7DA-42F8-811D-77FD092B9D19}.Release TA|Win32.ActiveCfg = Release TA|Win32
		{A8EAC38E-C7DA-42F8-811D-77FD092B9D19}.Release TA|Win32.Build.0 = Release TA|Win32
		{A8EAC38E-C7DA-42F8-811D-77FD092B9D19}.Release|Win32.ActiveCfg = Release|Win32
		{A8EAC38E-C7DA-42F8-811D-77FD092B9D19}.RelWithDebInfo|Win32.ActiveCfg = Release|Win32
		{A8EAC38E-C7DA-42F8-811D-77FD092B9D19}.RelWithDebInfo|Win32.Build.0 = Release|Win32
		{A8EAC38E-C7DA-42F8-811D-77FD092B9D19}.vector|Win32.ActiveCfg = vector|Win32
		{A8EAC38E-C7DA-42F8-811D-77FD092B9D19}.vector|Win32.Build.0 = vector|Win32
		{A4B6002E-1885-49C3-85B6-7BC2C7ADF003}.Debug Alpha|Win32.ActiveCfg = Debug|Win32
		{A4B6002E-1885-49C3-85B6-7BC2C7ADF003}.Debug Alpha|Win32.Build.0 = Debug|Win32
		{A4B6002E-1885-49C3-85B6-7BC2C7ADF003}.Debug TA DEMO|Win32.ActiveCfg = Debug|Win32
		{A4B6002E-1885-49C3-85B6-7BC2C7ADF003}.Debug TA DEMO|Win32.Build.0 = Debug|Win32
		{A4B6002E-1885-49C3-85B6-7BC2C7ADF003}.Debug TA|Win32.ActiveCfg = Debug|Win32
		{A4B6002E-1885-49C3-85B6-7BC2C7ADF003}.Debug TA|Win32.Build.0 = Debug|Win32
		{A4B6002E-1885-49C3-85B6-7BC2C7ADF003}.Debug|Win32.ActiveCfg = Debug|Win32
		{A4B6002E-1885-49C3-85B6-7BC2C7ADF003}.Debug|Win32.Build.0 = Debug|Win32
		{A4B6002E-1885-49C3-85B6-7BC2C7ADF003}.MinSizeRel|Win32.ActiveCfg = Release|Win32
		{A4B6002E-1885-49C3-85B6-7BC2C7ADF003}.MinSizeRel|Win32.Build.0 = Release|Win32
		{A4B6002E-1885-49C3-85B6-7BC2C7ADF003}.Release Alpha|Win32.ActiveCfg = Release|Win32
		{A4B6002E-1885-49C3-85B6-7BC2C7ADF003}.Release Alpha|Win32.Build.0 = Release|Win32
		{A4B6002E-1885-49C3-85B6-7BC2C7ADF003}.Release TA DEMO|Win32.ActiveCfg = Release|Win32
		{A4B6002E-1885-49C3-85B6-7BC2C7ADF003}.Release TA DEMO|Win32.Build.0 = Release|Win32
		{A4B6002E-1885-49C3-85B6-7BC2C7ADF003}.Release TA|Win32.ActiveCfg = Release|Win32
		{A4B6002E-1885-49C3-85B6-7BC2C7ADF003}.Release TA|Win32.Build.0 = Release|Win32
		{A4B6002E-1885-49C3-85B6-7BC2C7ADF003}.Release|Win32.ActiveCfg = Release|Win32
		{A4B6002E-1885-49C3-85B6-7BC2C7ADF003}.Release|Win32.Build.0 = Release|Win32
		{A4B6002E-1885-49C3-85B6-7BC2C7ADF003}.RelWithDebInfo|Win32.ActiveCfg = Release|Win32
		{A4B6002E-1885-49C3-85B6-7BC2C7ADF003}.RelWithDebInfo|Win32.Build.0 = Release|Win32
		{A4B6002E-1885-49C3-85B6-7BC2C7ADF003}.vector|Win32.ActiveCfg = Release|Win32
		{A4B6002E-1885-49C3-85B6-7BC2C7ADF003}.vector|Win32.Build.0 = Release|Win32
		{FBFA2ACF-8611-44BB-8218-FDF3EB7652DA}.Debug Alpha|Win32.ActiveCfg = Debug|Win32
		{FBFA2ACF-8611-44BB-8218-FDF3EB7652DA}.Debug Alpha|Win32.Build.0 = Debug|Win32
		{FBFA2ACF-8611-44BB-8218-FDF3EB7652DA}.Debug TA DEMO|Win32.ActiveCfg = Debug|Win32
		{FBFA2ACF-8611-44BB-8218-FDF3EB7652DA}.Debug TA DEMO|Win32.Build.0 = Debug|Win32
		{FBFA2ACF-8611-44BB-8218-FDF3EB7652DA}.Debug TA|Win32.ActiveCfg = Debug|Win32
		{FBFA2ACF-8611-44BB-8218-FDF3EB7652DA}.Debug TA|Win32.Build.0 = Debug|Win32
		{FBFA2ACF-8611-44BB-8218-FDF3EB7652DA}.Debug|Win32.ActiveCfg = Debug|Win32
		{FBFA2ACF-8611-44BB-8218-FDF3EB7652DA}.Debug|Win32.Build.0 = Debug|Win32
		{FBFA2ACF-8611-44BB-8218-FDF3EB7652DA}.MinSizeRel|Win32.ActiveCfg = MinSizeRel|Win32
		{FBFA2ACF-8611-44BB-8218-FDF3EB7652DA}.MinSizeRel|Win32.Build.0 = MinSizeRel|Win32
		{FBFA2ACF-8611-44BB-8218-FDF3EB7652DA}.Release Alpha|Win32.ActiveCfg = Release|Win32
		{FBFA2ACF-8611-44BB-8218-FDF3EB7652DA}.Release Alpha|Win32.Build.0 = Release|Win32
		{FBFA2ACF-8611-44BB-8218-FDF3EB7652DA}.Release TA DEMO|Win32.ActiveCfg = Release|Win32
		{FBFA2ACF-8611-44BB-8218-FDF3EB7652DA}.Release TA DEMO|Win32.Build.0 = Release|Win32
		{FBFA2ACF-8611-44BB-8218-FDF3EB7652DA}.Release TA|Win32.ActiveCfg = Release|Win32
		{FBFA2ACF-8611-44BB-8218-FDF3EB7652DA}.Release TA|Win32.Build.0 = Release|Win32
		{FBFA2ACF-8611-44BB-8218-FDF3EB7652DA}.Release|Win32.ActiveCfg = Release|Win32
		{FBFA2ACF-8611-44BB-8218-FDF3EB7652DA}.Release|Win32.Build.0 = Release|Win32
		{FBFA2ACF-8611-44BB-8218-FDF3EB7652DA}.RelWithDebInfo|Win32.ActiveCfg = RelWithDebInfo|Win32
		{FBFA2ACF-8611-44BB-8218-FDF3EB7652DA}.RelWithDebInfo|Win32.Build.0 = RelWithDebInfo|Win32
		{FBFA2ACF-8611-44BB-8218-FDF3EB7652DA}.vector|Win32.ActiveCfg = RelWithDebInfo|Win32
		{FBFA2ACF-8611-44BB-8218-FDF3EB7652DA}.vector|Win32.Build.0 = RelWithDebInfo|Win32
		{22E0A3E9-8A9B-4FB8-8D08-2F6EB7C98D27}.Debug Alpha|Win32.ActiveCfg = Debug|Win32
		{22E0A3E9-8A9B-4FB8-8D08-2F6EB7C98D27}.Debug Alpha|Win32.Build.0 = Debug|Win32
		{22E0A3E9-8A9B-4FB8-8D08-2F6EB7C98D27}.Debug TA DEMO|Win32.ActiveCfg = Debug|Win32
		{22E0A3E9-8A9B-4FB8-8D08-2F6EB7C98D27}.Debug TA DEMO|Win32.Build.0 = Debug|Win32
		{22E0A3E9-8A9B-4FB8-8D08-2F6EB7C98D27}.Debug TA|Win32.ActiveCfg = Debug|Win32
		{22E0A3E9-8A9B-4FB8-8D08-2F6EB7C98D27}.Debug TA|Win32.Build.0 = Debug|Win32
		{22E0A3E9-8A9B-4FB8-8D08-2F6EB7C98D27}.Debug|Win32.ActiveCfg = Debug|Win32
		{22E0A3E9-8A9B-4FB8-8D08-2F6EB7C98D27}.Debug|Win32.Build.0 = Debug|Win32
		{22E0A3E9-8A9B-4FB8-8D08-2F6EB7C98D27}.MinSizeRel|Win32.ActiveCfg = MinSizeRel|Win32
		{22E0A3E9-8A9B-4FB8-8D08-2F6EB7C98D27}.MinSizeRel|Win32.Build.0 = MinSizeRel|Win32
		{22E0A3E9-8A9B-4FB8-8D08-2F6EB7C98D27}.Release Alpha|Win32.ActiveCfg = Release|Win32
		{22E0A3E9-8A9B-4FB8-8D08-2F6EB7C98D27}.Release Alpha|Win32.Build.0 = Release|Win32
		{22E0A3E9-8A9B-4FB8-8D08-2F6EB7C98D27}.Release TA DEMO|Win32.ActiveCfg = Release|Win32
		{22E0A3E9-8A9B-4FB8-8D08-2F6EB7C98D27}.Release TA DEMO|Win32.Build.0 = Release|Win32
		{22E0A3E9-8A9B-4FB8-8D08-2F6EB7C98D27}.Release TA|Win32.ActiveCfg = Release|Win32
		{22E0A3E9-8A9B-4FB8-8D08-2F6EB7C98D27}.Release TA|Win32.Build.0 = Release|Win32
		{22E0A3E9-8A9B-4FB8-8D08-2F6EB7C98D27}.Release|Win32.ActiveCfg = Release|Win32
		{22E0A3E9-8A9B-4FB8-8D08-2F6EB7C98D27}.Release|Win32.Build.0 = Release|Win32
		{22E0A3E9-8A9B-4FB8-8D08-2F6EB7C98D27}.RelWithDebInfo|Win32.ActiveCfg = RelWithDebInfo|Win32
		{22E0A3E9-8A9B-4FB8-8D08-2F6EB7C98D27}.RelWithDebInfo|Win32.Build.0 = RelWithDebInfo|Win32
		{22E0A3E9-8A9B-4FB8-8D08-2F6EB7C98D27}.vector|Win32.ActiveCfg = RelWithDebInfo|Win32
		{22E0A3E9-8A9B-4FB8-8D08-2F6EB7C98D27}.vector|Win32.Build.0 = RelWithDebInfo|Win32
		{C3D9295E-B748-4BA2-8133-D44EB302A5D1}.Debug Alpha|Win32.ActiveCfg = Debug|Win32
		{C3D9295E-B748-4BA2-8133-D44EB302A5D1}.Debug Alpha|Win32.Build.0 = Debug|Win32
		{C3D9295E-B748-4BA2-8133-D44EB302A5D1}.Debug TA DEMO|Win32.ActiveCfg = Debug|Win32
		{C3D9295E-B748-4BA2-8133-D44EB302A5D1}.Debug TA DEMO|Win32.Build.0 = Debug|Win32
		{C3D9295E-B748-4BA2-8133-D44EB302A5D1}.Debug TA|Win32.ActiveCfg = Debug|Win32
		{C3D9295E-B748-4BA2-8133-D44EB302A5D1}.Debug TA|Win32.Build.0 = Debug|Win32
		{C3D9295E-B748-4BA2-8133-D44EB302A5D1}.Debug|Win32.ActiveCfg = Debug|Win32
		{C3D9295E-B748-4BA2-8133-D44EB302A5D1}.Debug|Win32.Build.0 = Debug|Win32
		{C3D9295E-B748-4BA2-8133-D44EB302A5D1}.MinSizeRel|Win32.ActiveCfg = MinSizeRel|Win32
		{C3D9295E-B748-4BA2-8133-D44EB302A5D1}.MinSizeRel|Win32.Build.0 = MinSizeRel|Win32
		{C3D9295E-B748-4BA2-8133-D44EB302A5D1}.Release Alpha|Win32.ActiveCfg = Release|Win32
		{C3D9295E-B748-4BA2-8133-D44EB302A5D1}.Release Alpha|Win32.Build.0 = Release|Win32
		{C3D9295E-B748-4BA2-8133-D44EB302A5D1}.Release TA DEMO|Win32.ActiveCfg = Release|Win32
		{C3D9295E-B748-4BA2-8133-D44EB302A5D1}.Release TA DEMO|Win32.Build.0 = Release|Win32
		{C3D9295E-B748-4BA2-8133-D44EB302A5D1}.Release TA|Win32.ActiveCfg = Release|Win32
		{C3D9295E-B748-4BA2-8133-D44EB302A5D1}.Release TA|Win32.Build.0 = Release|Win32
		{C3D9295E-B748-4BA2-8133-D44EB302A5D1}.Release|Win32.ActiveCfg = Release|Win32
		{C3D9295E-B748-4BA2-8133-D44EB302A5D1}.Release|Win32.Build.0 = Release|Win32
		{C3D9295E-B748-4BA2-8133-D44EB302A5D1}.RelWithDebInfo|Win32.ActiveCfg = RelWithDebInfo|Win32
		{C3D9295E-B748-4BA2-8133-D44EB302A5D1}.RelWithDebInfo|Win32.Build.0 = RelWithDebInfo|Win32
		{C3D9295E-B748-4BA2-8133-D44EB302A5D1}.vector|Win32.ActiveCfg = RelWithDebInfo|Win32
		{C3D9295E-B748-4BA2-8133-D44EB302A5D1}.vector|Win32.Build.0 = RelWithDebInfo|Win32
	EndGlobalSection
	GlobalSection(SolutionProperties) = preSolution
		HideSolutionNode = FALSE
	EndGlobalSection
EndGlobal
